
Microsoft Visual Studio Solution File, Format Version 12.00
# Visual Studio 15
VisualStudioVersion = 15.0.27703.2000
MinimumVisualStudioVersion = 10.0.40219.1
Project("{8BC9CEB8-8B4A-11D0-8D11-00A0C91BC942}") = "C_test", "C_test\C_test.vcxproj", "{D70787DE-BE25-4C4F-BAEA-794EF426F5E2}"
EndProject
Global
	GlobalSection(SolutionConfigurationPlatforms) = preSolution
		Debug|x64 = Debug|x64
		Debug|x86 = Debug|x86
		Release|x64 = Release|x64
		Release|x86 = Release|x86
	EndGlobalSection
	GlobalSection(ProjectConfigurationPlatforms) = postSolution
		{D70787DE-BE25-4C4F-BAEA-794EF426F5E2}.Debug|x64.ActiveCfg = Debug|x64
		{D70787DE-BE25-4C4F-BAEA-794EF426F5E2}.Debug|x64.Build.0 = Debug|x64
		{D70787DE-BE25-4C4F-BAEA-794EF426F5E2}.Debug|x86.ActiveCfg = Debug|Win32
		{D70787DE-BE25-4C4F-BAEA-794EF426F5E2}.Debug|x86.Build.0 = Debug|Win32
		{D70787DE-BE25-4C4F-BAEA-794EF426F5E2}.Release|x64.ActiveCfg = Release|x64
		{D70787DE-BE25-4C4F-BAEA-794EF426F5E2}.Release|x64.Build.0 = Release|x64
		{D70787DE-BE25-4C4F-BAEA-794EF426F5E2}.Release|x86.ActiveCfg = Release|Win32
		{D70787DE-BE25-4C4F-BAEA-794EF426F5E2}.Release|x86.Build.0 = Release|Win32
	EndGlobalSection
	GlobalSection(SolutionProperties) = preSolution
		HideSolutionNode = FALSE
	EndGlobalSection
	GlobalSection(ExtensibilityGlobals) = postSolution
		SolutionGuid = {3698A173-4161-496F-88B4-19A8CF9EF3C0}
	EndGlobalSection
EndGlobal
